
Microsoft Visual Studio Solution File, Format Version 12.00
# Visual Studio Version 17
VisualStudioVersion = 17.0.32014.148
MinimumVisualStudioVersion = 10.0.40219.1
Project("{FAE04EC0-301F-11D3-BF4B-00C04F79EFBC}") = "leetcode-75", "leetcode-75\leetcode-75.csproj", "{9F43A02B-43D8-4118-ACAD-35313C45000F}"
EndProject
Global
	GlobalSection(SolutionConfigurationPlatforms) = preSolution
		Debug|Any CPU = Debug|Any CPU
		Release|Any CPU = Release|Any CPU
	EndGlobalSection
	GlobalSection(ProjectConfigurationPlatforms) = postSolution
		{9F43A02B-43D8-4118-ACAD-35313C45000F}.Debug|Any CPU.ActiveCfg = Debug|Any CPU
		{9F43A02B-43D8-4118-ACAD-35313C45000F}.Debug|Any CPU.Build.0 = Debug|Any CPU
		{9F43A02B-43D8-4118-ACAD-35313C45000F}.Release|Any CPU.ActiveCfg = Release|Any CPU
		{9F43A02B-43D8-4118-ACAD-35313C45000F}.Release|Any CPU.Build.0 = Release|Any CPU
	EndGlobalSection
	GlobalSection(SolutionProperties) = preSolution
		HideSolutionNode = FALSE
	EndGlobalSection
	GlobalSection(ExtensibilityGlobals) = postSolution
		SolutionGuid = {60A42C79-CF20-434C-BC91-60BC0314B3BA}
	EndGlobalSection
EndGlobal
